// !$*UTF8*$!
{
	archiveVersion = 1;
	classes = {
	};
	objectVersion = 56;
	objects = {

/* Begin PBXBuildFile section */
		0415A0982AF2C299002CC941 /* MultiScalesApp.swift in Sources */ = {isa = PBXBuildFile; fileRef = 0415A0972AF2C299002CC941 /* MultiScalesApp.swift */; };
		0415A09A2AF2C299002CC941 /* HomeView.swift in Sources */ = {isa = PBXBuildFile; fileRef = 0415A0992AF2C299002CC941 /* HomeView.swift */; };
		0415A09C2AF2C29A002CC941 /* Assets.xcassets in Resources */ = {isa = PBXBuildFile; fileRef = 0415A09B2AF2C29A002CC941 /* Assets.xcassets */; };
		0415A09F2AF2C29A002CC941 /* Preview Assets.xcassets in Resources */ = {isa = PBXBuildFile; fileRef = 0415A09E2AF2C29A002CC941 /* Preview Assets.xcassets */; };
		0415A0A92AF2C29A002CC941 /* MultiScalesTests.swift in Sources */ = {isa = PBXBuildFile; fileRef = 0415A0A82AF2C29A002CC941 /* MultiScalesTests.swift */; };
		0415A0B32AF2C29A002CC941 /* MultiScalesUITests.swift in Sources */ = {isa = PBXBuildFile; fileRef = 0415A0B22AF2C29A002CC941 /* MultiScalesUITests.swift */; };
		0415A0B52AF2C29A002CC941 /* MultiScalesUITestsLaunchTests.swift in Sources */ = {isa = PBXBuildFile; fileRef = 0415A0B42AF2C29A002CC941 /* MultiScalesUITestsLaunchTests.swift */; };
		044A50D92AF4FD59007179D9 /* ScaleProvider.swift in Sources */ = {isa = PBXBuildFile; fileRef = 044A50D82AF4FD59007179D9 /* ScaleProvider.swift */; };
		046681352AF77C9A00E8D1E9 /* Fretboard in Frameworks */ = {isa = PBXBuildFile; productRef = 046681342AF77C9A00E8D1E9 /* Fretboard */; };
		046AA2F92AF518EC004AB58E /* ScaleEditorView.swift in Sources */ = {isa = PBXBuildFile; fileRef = 046AA2F82AF518EC004AB58E /* ScaleEditorView.swift */; };
		04A03C202AF583FE00242143 /* HomeViewModel.swift in Sources */ = {isa = PBXBuildFile; fileRef = 04A03C1F2AF583FE00242143 /* HomeViewModel.swift */; };
		04DE534C2AF38D9D00B4A1DE /* MusicTheory in Frameworks */ = {isa = PBXBuildFile; productRef = 04DE534B2AF38D9D00B4A1DE /* MusicTheory */; };
		04EB39DD2AF39A4800E3C88C /* FretProvider.swift in Sources */ = {isa = PBXBuildFile; fileRef = 04EB39DC2AF39A4800E3C88C /* FretProvider.swift */; };
		04EEF96A2AF5450200627548 /* ScaleEditorViewModel.swift in Sources */ = {isa = PBXBuildFile; fileRef = 04EEF9692AF5450200627548 /* ScaleEditorViewModel.swift */; };
/* End PBXBuildFile section */

/* Begin PBXContainerItemProxy section */
		0415A0A52AF2C29A002CC941 /* PBXContainerItemProxy */ = {
			isa = PBXContainerItemProxy;
			containerPortal = 0415A08C2AF2C299002CC941 /* Project object */;
			proxyType = 1;
			remoteGlobalIDString = 0415A0932AF2C299002CC941;
			remoteInfo = MultiScales;
		};
		0415A0AF2AF2C29A002CC941 /* PBXContainerItemProxy */ = {
			isa = PBXContainerItemProxy;
			containerPortal = 0415A08C2AF2C299002CC941 /* Project object */;
			proxyType = 1;
			remoteGlobalIDString = 0415A0932AF2C299002CC941;
			remoteInfo = MultiScales;
		};
/* End PBXContainerItemProxy section */

/* Begin PBXFileReference section */
		0415A0942AF2C299002CC941 /* MultiScales.app */ = {isa = PBXFileReference; explicitFileType = wrapper.application; includeInIndex = 0; path = MultiScales.app; sourceTree = BUILT_PRODUCTS_DIR; };
		0415A0972AF2C299002CC941 /* MultiScalesApp.swift */ = {isa = PBXFileReference; lastKnownFileType = sourcecode.swift; path = MultiScalesApp.swift; sourceTree = "<group>"; };
		0415A0992AF2C299002CC941 /* HomeView.swift */ = {isa = PBXFileReference; lastKnownFileType = sourcecode.swift; path = HomeView.swift; sourceTree = "<group>"; };
		0415A09B2AF2C29A002CC941 /* Assets.xcassets */ = {isa = PBXFileReference; lastKnownFileType = folder.assetcatalog; path = Assets.xcassets; sourceTree = "<group>"; };
		0415A09E2AF2C29A002CC941 /* Preview Assets.xcassets */ = {isa = PBXFileReference; lastKnownFileType = folder.assetcatalog; path = "Preview Assets.xcassets"; sourceTree = "<group>"; };
		0415A0A42AF2C29A002CC941 /* MultiScalesTests.xctest */ = {isa = PBXFileReference; explicitFileType = wrapper.cfbundle; includeInIndex = 0; path = MultiScalesTests.xctest; sourceTree = BUILT_PRODUCTS_DIR; };
		0415A0A82AF2C29A002CC941 /* MultiScalesTests.swift */ = {isa = PBXFileReference; lastKnownFileType = sourcecode.swift; path = MultiScalesTests.swift; sourceTree = "<group>"; };
		0415A0AE2AF2C29A002CC941 /* MultiScalesUITests.xctest */ = {isa = PBXFileReference; explicitFileType = wrapper.cfbundle; includeInIndex = 0; path = MultiScalesUITests.xctest; sourceTree = BUILT_PRODUCTS_DIR; };
		0415A0B22AF2C29A002CC941 /* MultiScalesUITests.swift */ = {isa = PBXFileReference; lastKnownFileType = sourcecode.swift; path = MultiScalesUITests.swift; sourceTree = "<group>"; };
		0415A0B42AF2C29A002CC941 /* MultiScalesUITestsLaunchTests.swift */ = {isa = PBXFileReference; lastKnownFileType = sourcecode.swift; path = MultiScalesUITestsLaunchTests.swift; sourceTree = "<group>"; };
		044A50D82AF4FD59007179D9 /* ScaleProvider.swift */ = {isa = PBXFileReference; lastKnownFileType = sourcecode.swift; path = ScaleProvider.swift; sourceTree = "<group>"; };
		046AA2F82AF518EC004AB58E /* ScaleEditorView.swift */ = {isa = PBXFileReference; lastKnownFileType = sourcecode.swift; path = ScaleEditorView.swift; sourceTree = "<group>"; };
		04A03C1F2AF583FE00242143 /* HomeViewModel.swift */ = {isa = PBXFileReference; lastKnownFileType = sourcecode.swift; path = HomeViewModel.swift; sourceTree = "<group>"; };
		04EB39DC2AF39A4800E3C88C /* FretProvider.swift */ = {isa = PBXFileReference; lastKnownFileType = sourcecode.swift; path = FretProvider.swift; sourceTree = "<group>"; };
		04EEF9692AF5450200627548 /* ScaleEditorViewModel.swift */ = {isa = PBXFileReference; lastKnownFileType = sourcecode.swift; path = ScaleEditorViewModel.swift; sourceTree = "<group>"; };
/* End PBXFileReference section */

/* Begin PBXFrameworksBuildPhase section */
		0415A0912AF2C299002CC941 /* Frameworks */ = {
			isa = PBXFrameworksBuildPhase;
			buildActionMask = 2147483647;
			files = (
				046681352AF77C9A00E8D1E9 /* Fretboard in Frameworks */,
				04DE534C2AF38D9D00B4A1DE /* MusicTheory in Frameworks */,
			);
			runOnlyForDeploymentPostprocessing = 0;
		};
		0415A0A12AF2C29A002CC941 /* Frameworks */ = {
			isa = PBXFrameworksBuildPhase;
			buildActionMask = 2147483647;
			files = (
			);
			runOnlyForDeploymentPostprocessing = 0;
		};
		0415A0AB2AF2C29A002CC941 /* Frameworks */ = {
			isa = PBXFrameworksBuildPhase;
			buildActionMask = 2147483647;
			files = (
			);
			runOnlyForDeploymentPostprocessing = 0;
		};
/* End PBXFrameworksBuildPhase section */

/* Begin PBXGroup section */
		0415A08B2AF2C299002CC941 = {
			isa = PBXGroup;
			children = (
				0415A0962AF2C299002CC941 /* MultiScales */,
				0415A0A72AF2C29A002CC941 /* MultiScalesTests */,
				0415A0B12AF2C29A002CC941 /* MultiScalesUITests */,
				0415A0952AF2C299002CC941 /* Products */,
				042697902AF6E74900847EBD /* Frameworks */,
			);
			sourceTree = "<group>";
		};
		0415A0952AF2C299002CC941 /* Products */ = {
			isa = PBXGroup;
			children = (
				0415A0942AF2C299002CC941 /* MultiScales.app */,
				0415A0A42AF2C29A002CC941 /* MultiScalesTests.xctest */,
				0415A0AE2AF2C29A002CC941 /* MultiScalesUITests.xctest */,
			);
			name = Products;
			sourceTree = "<group>";
		};
		0415A0962AF2C299002CC941 /* MultiScales */ = {
			isa = PBXGroup;
			children = (
				0426978E2AF6E48300847EBD /* Packages */,
				0415A0972AF2C299002CC941 /* MultiScalesApp.swift */,
				04B268012AF38EFB00338ABC /* Model */,
				047EC0642AF3B64900FC7055 /* ViewModel */,
				046AA2F72AF518D3004AB58E /* Views */,
				0415A09B2AF2C29A002CC941 /* Assets.xcassets */,
				0415A09D2AF2C29A002CC941 /* Preview Content */,
			);
			path = MultiScales;
			sourceTree = "<group>";
		};
		0415A09D2AF2C29A002CC941 /* Preview Content */ = {
			isa = PBXGroup;
			children = (
				0415A09E2AF2C29A002CC941 /* Preview Assets.xcassets */,
			);
			path = "Preview Content";
			sourceTree = "<group>";
		};
		0415A0A72AF2C29A002CC941 /* MultiScalesTests */ = {
			isa = PBXGroup;
			children = (
				0415A0A82AF2C29A002CC941 /* MultiScalesTests.swift */,
			);
			path = MultiScalesTests;
			sourceTree = "<group>";
		};
		0415A0B12AF2C29A002CC941 /* MultiScalesUITests */ = {
			isa = PBXGroup;
			children = (
				0415A0B22AF2C29A002CC941 /* MultiScalesUITests.swift */,
				0415A0B42AF2C29A002CC941 /* MultiScalesUITestsLaunchTests.swift */,
			);
			path = MultiScalesUITests;
			sourceTree = "<group>";
		};
		0426978E2AF6E48300847EBD /* Packages */ = {
			isa = PBXGroup;
			children = (
			);
			path = Packages;
			sourceTree = "<group>";
		};
		042697902AF6E74900847EBD /* Frameworks */ = {
			isa = PBXGroup;
			children = (
			);
			name = Frameworks;
			sourceTree = "<group>";
		};
		046AA2F72AF518D3004AB58E /* Views */ = {
			isa = PBXGroup;
			children = (
				0415A0992AF2C299002CC941 /* HomeView.swift */,
				046AA2F82AF518EC004AB58E /* ScaleEditorView.swift */,
			);
			path = Views;
			sourceTree = "<group>";
		};
		047EC0642AF3B64900FC7055 /* ViewModel */ = {
			isa = PBXGroup;
			children = (
				04A03C1F2AF583FE00242143 /* HomeViewModel.swift */,
				04EEF9692AF5450200627548 /* ScaleEditorViewModel.swift */,
			);
			path = ViewModel;
			sourceTree = "<group>";
		};
		04B268012AF38EFB00338ABC /* Model */ = {
			isa = PBXGroup;
			children = (
				04EB39DC2AF39A4800E3C88C /* FretProvider.swift */,
				044A50D82AF4FD59007179D9 /* ScaleProvider.swift */,
			);
			path = Model;
			sourceTree = "<group>";
		};
/* End PBXGroup section */

/* Begin PBXNativeTarget section */
		0415A0932AF2C299002CC941 /* MultiScales */ = {
			isa = PBXNativeTarget;
			buildConfigurationList = 0415A0B82AF2C29A002CC941 /* Build configuration list for PBXNativeTarget "MultiScales" */;
			buildPhases = (
				0415A0902AF2C299002CC941 /* Sources */,
				0415A0912AF2C299002CC941 /* Frameworks */,
				0415A0922AF2C299002CC941 /* Resources */,
			);
			buildRules = (
			);
			dependencies = (
			);
			name = MultiScales;
			packageProductDependencies = (
				04DE534B2AF38D9D00B4A1DE /* MusicTheory */,
				046681342AF77C9A00E8D1E9 /* Fretboard */,
			);
			productName = MultiScales;
			productReference = 0415A0942AF2C299002CC941 /* MultiScales.app */;
			productType = "com.apple.product-type.application";
		};
		0415A0A32AF2C29A002CC941 /* MultiScalesTests */ = {
			isa = PBXNativeTarget;
			buildConfigurationList = 0415A0BB2AF2C29A002CC941 /* Build configuration list for PBXNativeTarget "MultiScalesTests" */;
			buildPhases = (
				0415A0A02AF2C29A002CC941 /* Sources */,
				0415A0A12AF2C29A002CC941 /* Frameworks */,
				0415A0A22AF2C29A002CC941 /* Resources */,
			);
			buildRules = (
			);
			dependencies = (
				0415A0A62AF2C29A002CC941 /* PBXTargetDependency */,
			);
			name = MultiScalesTests;
			productName = MultiScalesTests;
			productReference = 0415A0A42AF2C29A002CC941 /* MultiScalesTests.xctest */;
			productType = "com.apple.product-type.bundle.unit-test";
		};
		0415A0AD2AF2C29A002CC941 /* MultiScalesUITests */ = {
			isa = PBXNativeTarget;
			buildConfigurationList = 0415A0BE2AF2C29A002CC941 /* Build configuration list for PBXNativeTarget "MultiScalesUITests" */;
			buildPhases = (
				0415A0AA2AF2C29A002CC941 /* Sources */,
				0415A0AB2AF2C29A002CC941 /* Frameworks */,
				0415A0AC2AF2C29A002CC941 /* Resources */,
			);
			buildRules = (
			);
			dependencies = (
				0415A0B02AF2C29A002CC941 /* PBXTargetDependency */,
			);
			name = MultiScalesUITests;
			productName = MultiScalesUITests;
			productReference = 0415A0AE2AF2C29A002CC941 /* MultiScalesUITests.xctest */;
			productType = "com.apple.product-type.bundle.ui-testing";
		};
/* End PBXNativeTarget section */

/* Begin PBXProject section */
		0415A08C2AF2C299002CC941 /* Project object */ = {
			isa = PBXProject;
			attributes = {
				BuildIndependentTargetsInParallel = 1;
				LastSwiftUpdateCheck = 1430;
				LastUpgradeCheck = 1430;
				TargetAttributes = {
					0415A0932AF2C299002CC941 = {
						CreatedOnToolsVersion = 14.3.1;
					};
					0415A0A32AF2C29A002CC941 = {
						CreatedOnToolsVersion = 14.3.1;
						TestTargetID = 0415A0932AF2C299002CC941;
					};
					0415A0AD2AF2C29A002CC941 = {
						CreatedOnToolsVersion = 14.3.1;
						TestTargetID = 0415A0932AF2C299002CC941;
					};
				};
			};
			buildConfigurationList = 0415A08F2AF2C299002CC941 /* Build configuration list for PBXProject "MultiScales" */;
			compatibilityVersion = "Xcode 14.0";
			developmentRegion = en;
			hasScannedForEncodings = 0;
			knownRegions = (
				en,
				Base,
			);
			mainGroup = 0415A08B2AF2C299002CC941;
			packageReferences = (
				04DE534A2AF38D9D00B4A1DE /* XCRemoteSwiftPackageReference "MusicTheory" */,
				046681332AF77C9A00E8D1E9 /* XCRemoteSwiftPackageReference "Fretboard" */,
			);
			productRefGroup = 0415A0952AF2C299002CC941 /* Products */;
			projectDirPath = "";
			projectRoot = "";
			targets = (
				0415A0932AF2C299002CC941 /* MultiScales */,
				0415A0A32AF2C29A002CC941 /* MultiScalesTests */,
				0415A0AD2AF2C29A002CC941 /* MultiScalesUITests */,
			);
		};
/* End PBXProject section */

/* Begin PBXResourcesBuildPhase section */
		0415A0922AF2C299002CC941 /* Resources */ = {
			isa = PBXResourcesBuildPhase;
			buildActionMask = 2147483647;
			files = (
				0415A09F2AF2C29A002CC941 /* Preview Assets.xcassets in Resources */,
				0415A09C2AF2C29A002CC941 /* Assets.xcassets in Resources */,
			);
			runOnlyForDeploymentPostprocessing = 0;
		};
		0415A0A22AF2C29A002CC941 /* Resources */ = {
			isa = PBXResourcesBuildPhase;
			buildActionMask = 2147483647;
			files = (
			);
			runOnlyForDeploymentPostprocessing = 0;
		};
		0415A0AC2AF2C29A002CC941 /* Resources */ = {
			isa = PBXResourcesBuildPhase;
			buildActionMask = 2147483647;
			files = (
			);
			runOnlyForDeploymentPostprocessing = 0;
		};
/* End PBXResourcesBuildPhase section */

/* Begin PBXSourcesBuildPhase section */
		0415A0902AF2C299002CC941 /* Sources */ = {
			isa = PBXSourcesBuildPhase;
			buildActionMask = 2147483647;
			files = (
				0415A09A2AF2C299002CC941 /* HomeView.swift in Sources */,
				04EB39DD2AF39A4800E3C88C /* FretProvider.swift in Sources */,
				0415A0982AF2C299002CC941 /* MultiScalesApp.swift in Sources */,
				044A50D92AF4FD59007179D9 /* ScaleProvider.swift in Sources */,
				046AA2F92AF518EC004AB58E /* ScaleEditorView.swift in Sources */,
				04EEF96A2AF5450200627548 /* ScaleEditorViewModel.swift in Sources */,
				04A03C202AF583FE00242143 /* HomeViewModel.swift in Sources */,
			);
			runOnlyForDeploymentPostprocessing = 0;
		};
		0415A0A02AF2C29A002CC941 /* Sources */ = {
			isa = PBXSourcesBuildPhase;
			buildActionMask = 2147483647;
			files = (
				0415A0A92AF2C29A002CC941 /* MultiScalesTests.swift in Sources */,
			);
			runOnlyForDeploymentPostprocessing = 0;
		};
		0415A0AA2AF2C29A002CC941 /* Sources */ = {
			isa = PBXSourcesBuildPhase;
			buildActionMask = 2147483647;
			files = (
				0415A0B32AF2C29A002CC941 /* MultiScalesUITests.swift in Sources */,
				0415A0B52AF2C29A002CC941 /* MultiScalesUITestsLaunchTests.swift in Sources */,
			);
			runOnlyForDeploymentPostprocessing = 0;
		};
/* End PBXSourcesBuildPhase section */

/* Begin PBXTargetDependency section */
		0415A0A62AF2C29A002CC941 /* PBXTargetDependency */ = {
			isa = PBXTargetDependency;
			target = 0415A0932AF2C299002CC941 /* MultiScales */;
			targetProxy = 0415A0A52AF2C29A002CC941 /* PBXContainerItemProxy */;
		};
		0415A0B02AF2C29A002CC941 /* PBXTargetDependency */ = {
			isa = PBXTargetDependency;
			target = 0415A0932AF2C299002CC941 /* MultiScales */;
			targetProxy = 0415A0AF2AF2C29A002CC941 /* PBXContainerItemProxy */;
		};
/* End PBXTargetDependency section */

/* Begin XCBuildConfiguration section */
		0415A0B62AF2C29A002CC941 /* Debug */ = {
			isa = XCBuildConfiguration;
			buildSettings = {
				ALWAYS_SEARCH_USER_PATHS = NO;
				CLANG_ANALYZER_NONNULL = YES;
				CLANG_ANALYZER_NUMBER_OBJECT_CONVERSION = YES_AGGRESSIVE;
				CLANG_CXX_LANGUAGE_STANDARD = "gnu++20";
				CLANG_ENABLE_MODULES = YES;
				CLANG_ENABLE_OBJC_ARC = YES;
				CLANG_ENABLE_OBJC_WEAK = YES;
				CLANG_WARN_BLOCK_CAPTURE_AUTORELEASING = YES;
				CLANG_WARN_BOOL_CONVERSION = YES;
				CLANG_WARN_COMMA = YES;
				CLANG_WARN_CONSTANT_CONVERSION = YES;
				CLANG_WARN_DEPRECATED_OBJC_IMPLEMENTATIONS = YES;
				CLANG_WARN_DIRECT_OBJC_ISA_USAGE = YES_ERROR;
				CLANG_WARN_DOCUMENTATION_COMMENTS = YES;
				CLANG_WARN_EMPTY_BODY = YES;
				CLANG_WARN_ENUM_CONVERSION = YES;
				CLANG_WARN_INFINITE_RECURSION = YES;
				CLANG_WARN_INT_CONVERSION = YES;
				CLANG_WARN_NON_LITERAL_NULL_CONVERSION = YES;
				CLANG_WARN_OBJC_IMPLICIT_RETAIN_SELF = YES;
				CLANG_WARN_OBJC_LITERAL_CONVERSION = YES;
				CLANG_WARN_OBJC_ROOT_CLASS = YES_ERROR;
				CLANG_WARN_QUOTED_INCLUDE_IN_FRAMEWORK_HEADER = YES;
				CLANG_WARN_RANGE_LOOP_ANALYSIS = YES;
				CLANG_WARN_STRICT_PROTOTYPES = YES;
				CLANG_WARN_SUSPICIOUS_MOVE = YES;
				CLANG_WARN_UNGUARDED_AVAILABILITY = YES_AGGRESSIVE;
				CLANG_WARN_UNREACHABLE_CODE = YES;
				CLANG_WARN__DUPLICATE_METHOD_MATCH = YES;
				COPY_PHASE_STRIP = NO;
				DEBUG_INFORMATION_FORMAT = dwarf;
				ENABLE_STRICT_OBJC_MSGSEND = YES;
				ENABLE_TESTABILITY = YES;
				GCC_C_LANGUAGE_STANDARD = gnu11;
				GCC_DYNAMIC_NO_PIC = NO;
				GCC_NO_COMMON_BLOCKS = YES;
				GCC_OPTIMIZATION_LEVEL = 0;
				GCC_PREPROCESSOR_DEFINITIONS = (
					"DEBUG=1",
					"$(inherited)",
				);
				GCC_WARN_64_TO_32_BIT_CONVERSION = YES;
				GCC_WARN_ABOUT_RETURN_TYPE = YES_ERROR;
				GCC_WARN_UNDECLARED_SELECTOR = YES;
				GCC_WARN_UNINITIALIZED_AUTOS = YES_AGGRESSIVE;
				GCC_WARN_UNUSED_FUNCTION = YES;
				GCC_WARN_UNUSED_VARIABLE = YES;
				IPHONEOS_DEPLOYMENT_TARGET = 16.4;
				MTL_ENABLE_DEBUG_INFO = INCLUDE_SOURCE;
				MTL_FAST_MATH = YES;
				ONLY_ACTIVE_ARCH = YES;
				SDKROOT = iphoneos;
				SWIFT_ACTIVE_COMPILATION_CONDITIONS = DEBUG;
				SWIFT_OPTIMIZATION_LEVEL = "-Onone";
			};
			name = Debug;
		};
		0415A0B72AF2C29A002CC941 /* Release */ = {
			isa = XCBuildConfiguration;
			buildSettings = {
				ALWAYS_SEARCH_USER_PATHS = NO;
				CLANG_ANALYZER_NONNULL = YES;
				CLANG_ANALYZER_NUMBER_OBJECT_CONVERSION = YES_AGGRESSIVE;
				CLANG_CXX_LANGUAGE_STANDARD = "gnu++20";
				CLANG_ENABLE_MODULES = YES;
				CLANG_ENABLE_OBJC_ARC = YES;
				CLANG_ENABLE_OBJC_WEAK = YES;
				CLANG_WARN_BLOCK_CAPTURE_AUTORELEASING = YES;
				CLANG_WARN_BOOL_CONVERSION = YES;
				CLANG_WARN_COMMA = YES;
				CLANG_WARN_CONSTANT_CONVERSION = YES;
				CLANG_WARN_DEPRECATED_OBJC_IMPLEMENTATIONS = YES;
				CLANG_WARN_DIRECT_OBJC_ISA_USAGE = YES_ERROR;
				CLANG_WARN_DOCUMENTATION_COMMENTS = YES;
				CLANG_WARN_EMPTY_BODY = YES;
				CLANG_WARN_ENUM_CONVERSION = YES;
				CLANG_WARN_INFINITE_RECURSION = YES;
				CLANG_WARN_INT_CONVERSION = YES;
				CLANG_WARN_NON_LITERAL_NULL_CONVERSION = YES;
				CLANG_WARN_OBJC_IMPLICIT_RETAIN_SELF = YES;
				CLANG_WARN_OBJC_LITERAL_CONVERSION = YES;
				CLANG_WARN_OBJC_ROOT_CLASS = YES_ERROR;
				CLANG_WARN_QUOTED_INCLUDE_IN_FRAMEWORK_HEADER = YES;
				CLANG_WARN_RANGE_LOOP_ANALYSIS = YES;
				CLANG_WARN_STRICT_PROTOTYPES = YES;
				CLANG_WARN_SUSPICIOUS_MOVE = YES;
				CLANG_WARN_UNGUARDED_AVAILABILITY = YES_AGGRESSIVE;
				CLANG_WARN_UNREACHABLE_CODE = YES;
				CLANG_WARN__DUPLICATE_METHOD_MATCH = YES;
				COPY_PHASE_STRIP = NO;
				DEBUG_INFORMATION_FORMAT = "dwarf-with-dsym";
				ENABLE_NS_ASSERTIONS = NO;
				ENABLE_STRICT_OBJC_MSGSEND = YES;
				GCC_C_LANGUAGE_STANDARD = gnu11;
				GCC_NO_COMMON_BLOCKS = YES;
				GCC_WARN_64_TO_32_BIT_CONVERSION = YES;
				GCC_WARN_ABOUT_RETURN_TYPE = YES_ERROR;
				GCC_WARN_UNDECLARED_SELECTOR = YES;
				GCC_WARN_UNINITIALIZED_AUTOS = YES_AGGRESSIVE;
				GCC_WARN_UNUSED_FUNCTION = YES;
				GCC_WARN_UNUSED_VARIABLE = YES;
				IPHONEOS_DEPLOYMENT_TARGET = 16.4;
				MTL_ENABLE_DEBUG_INFO = NO;
				MTL_FAST_MATH = YES;
				SDKROOT = iphoneos;
				SWIFT_COMPILATION_MODE = wholemodule;
				SWIFT_OPTIMIZATION_LEVEL = "-O";
				VALIDATE_PRODUCT = YES;
			};
			name = Release;
		};
		0415A0B92AF2C29A002CC941 /* Debug */ = {
			isa = XCBuildConfiguration;
			buildSettings = {
				ASSETCATALOG_COMPILER_APPICON_NAME = AppIcon;
				ASSETCATALOG_COMPILER_GLOBAL_ACCENT_COLOR_NAME = AccentColor;
				CODE_SIGN_STYLE = Automatic;
				CURRENT_PROJECT_VERSION = 1;
				DEVELOPMENT_ASSET_PATHS = "\"MultiScales/Preview Content\"";
				DEVELOPMENT_TEAM = 66AST54HNQ;
				ENABLE_PREVIEWS = YES;
				GENERATE_INFOPLIST_FILE = YES;
				INFOPLIST_KEY_CFBundleDisplayName = "Multi Scales";
				INFOPLIST_KEY_LSApplicationCategoryType = "public.app-category.education";
				INFOPLIST_KEY_UIApplicationSceneManifest_Generation = YES;
				INFOPLIST_KEY_UIApplicationSupportsIndirectInputEvents = YES;
				INFOPLIST_KEY_UILaunchScreen_Generation = YES;
				INFOPLIST_KEY_UISupportedInterfaceOrientations = UIInterfaceOrientationPortrait;
				LD_RUNPATH_SEARCH_PATHS = (
					"$(inherited)",
					"@executable_path/Frameworks",
				);
				MARKETING_VERSION = 1.0;
				PRODUCT_BUNDLE_IDENTIFIER = net.briomusic.multiscales;
				PRODUCT_NAME = "$(TARGET_NAME)";
				SWIFT_EMIT_LOC_STRINGS = YES;
				SWIFT_VERSION = 5.0;
				TARGETED_DEVICE_FAMILY = "1,2";
			};
			name = Debug;
		};
		0415A0BA2AF2C29A002CC941 /* Release */ = {
			isa = XCBuildConfiguration;
			buildSettings = {
				ASSETCATALOG_COMPILER_APPICON_NAME = AppIcon;
				ASSETCATALOG_COMPILER_GLOBAL_ACCENT_COLOR_NAME = AccentColor;
				CODE_SIGN_STYLE = Automatic;
				CURRENT_PROJECT_VERSION = 1;
				DEVELOPMENT_ASSET_PATHS = "\"MultiScales/Preview Content\"";
				DEVELOPMENT_TEAM = 66AST54HNQ;
				ENABLE_PREVIEWS = YES;
				GENERATE_INFOPLIST_FILE = YES;
				INFOPLIST_KEY_CFBundleDisplayName = "Multi Scales";
				INFOPLIST_KEY_LSApplicationCategoryType = "public.app-category.education";
				INFOPLIST_KEY_UIApplicationSceneManifest_Generation = YES;
				INFOPLIST_KEY_UIApplicationSupportsIndirectInputEvents = YES;
				INFOPLIST_KEY_UILaunchScreen_Generation = YES;
				INFOPLIST_KEY_UISupportedInterfaceOrientations = UIInterfaceOrientationPortrait;
				LD_RUNPATH_SEARCH_PATHS = (
					"$(inherited)",
					"@executable_path/Frameworks",
				);
				MARKETING_VERSION = 1.0;
				PRODUCT_BUNDLE_IDENTIFIER = net.briomusic.multiscales;
				PRODUCT_NAME = "$(TARGET_NAME)";
				SWIFT_EMIT_LOC_STRINGS = YES;
				SWIFT_VERSION = 5.0;
				TARGETED_DEVICE_FAMILY = "1,2";
			};
			name = Release;
		};
		0415A0BC2AF2C29A002CC941 /* Debug */ = {
			isa = XCBuildConfiguration;
			buildSettings = {
				ALWAYS_EMBED_SWIFT_STANDARD_LIBRARIES = YES;
				BUNDLE_LOADER = "$(TEST_HOST)";
				CODE_SIGN_STYLE = Automatic;
				CURRENT_PROJECT_VERSION = 1;
				DEVELOPMENT_TEAM = 66AST54HNQ;
				GENERATE_INFOPLIST_FILE = YES;
				IPHONEOS_DEPLOYMENT_TARGET = 16.4;
				MARKETING_VERSION = 1.0;
				PRODUCT_BUNDLE_IDENTIFIER = net.briomusic.MultiScalesTests;
				PRODUCT_NAME = "$(TARGET_NAME)";
				SWIFT_EMIT_LOC_STRINGS = NO;
				SWIFT_VERSION = 5.0;
				TARGETED_DEVICE_FAMILY = "1,2";
				TEST_HOST = "$(BUILT_PRODUCTS_DIR)/MultiScales.app/$(BUNDLE_EXECUTABLE_FOLDER_PATH)/MultiScales";
			};
			name = Debug;
		};
		0415A0BD2AF2C29A002CC941 /* Release */ = {
			isa = XCBuildConfiguration;
			buildSettings = {
				ALWAYS_EMBED_SWIFT_STANDARD_LIBRARIES = YES;
				BUNDLE_LOADER = "$(TEST_HOST)";
				CODE_SIGN_STYLE = Automatic;
				CURRENT_PROJECT_VERSION = 1;
				DEVELOPMENT_TEAM = 66AST54HNQ;
				GENERATE_INFOPLIST_FILE = YES;
				IPHONEOS_DEPLOYMENT_TARGET = 16.4;
				MARKETING_VERSION = 1.0;
				PRODUCT_BUNDLE_IDENTIFIER = net.briomusic.MultiScalesTests;
				PRODUCT_NAME = "$(TARGET_NAME)";
				SWIFT_EMIT_LOC_STRINGS = NO;
				SWIFT_VERSION = 5.0;
				TARGETED_DEVICE_FAMILY = "1,2";
				TEST_HOST = "$(BUILT_PRODUCTS_DIR)/MultiScales.app/$(BUNDLE_EXECUTABLE_FOLDER_PATH)/MultiScales";
			};
			name = Release;
		};
		0415A0BF2AF2C29A002CC941 /* Debug */ = {
			isa = XCBuildConfiguration;
			buildSettings = {
				ALWAYS_EMBED_SWIFT_STANDARD_LIBRARIES = YES;
				CODE_SIGN_STYLE = Automatic;
				CURRENT_PROJECT_VERSION = 1;
				DEVELOPMENT_TEAM = 66AST54HNQ;
				GENERATE_INFOPLIST_FILE = YES;
				MARKETING_VERSION = 1.0;
				PRODUCT_BUNDLE_IDENTIFIER = net.briomusic.MultiScalesUITests;
				PRODUCT_NAME = "$(TARGET_NAME)";
				SWIFT_EMIT_LOC_STRINGS = NO;
				SWIFT_VERSION = 5.0;
				TARGETED_DEVICE_FAMILY = "1,2";
				TEST_TARGET_NAME = MultiScales;
			};
			name = Debug;
		};
		0415A0C02AF2C29A002CC941 /* Release */ = {
			isa = XCBuildConfiguration;
			buildSettings = {
				ALWAYS_EMBED_SWIFT_STANDARD_LIBRARIES = YES;
				CODE_SIGN_STYLE = Automatic;
				CURRENT_PROJECT_VERSION = 1;
				DEVELOPMENT_TEAM = 66AST54HNQ;
				GENERATE_INFOPLIST_FILE = YES;
				MARKETING_VERSION = 1.0;
				PRODUCT_BUNDLE_IDENTIFIER = net.briomusic.MultiScalesUITests;
				PRODUCT_NAME = "$(TARGET_NAME)";
				SWIFT_EMIT_LOC_STRINGS = NO;
				SWIFT_VERSION = 5.0;
				TARGETED_DEVICE_FAMILY = "1,2";
				TEST_TARGET_NAME = MultiScales;
			};
			name = Release;
		};
/* End XCBuildConfiguration section */

/* Begin XCConfigurationList section */
		0415A08F2AF2C299002CC941 /* Build configuration list for PBXProject "MultiScales" */ = {
			isa = XCConfigurationList;
			buildConfigurations = (
				0415A0B62AF2C29A002CC941 /* Debug */,
				0415A0B72AF2C29A002CC941 /* Release */,
			);
			defaultConfigurationIsVisible = 0;
			defaultConfigurationName = Release;
		};
		0415A0B82AF2C29A002CC941 /* Build configuration list for PBXNativeTarget "MultiScales" */ = {
			isa = XCConfigurationList;
			buildConfigurations = (
				0415A0B92AF2C29A002CC941 /* Debug */,
				0415A0BA2AF2C29A002CC941 /* Release */,
			);
			defaultConfigurationIsVisible = 0;
			defaultConfigurationName = Release;
		};
		0415A0BB2AF2C29A002CC941 /* Build configuration list for PBXNativeTarget "MultiScalesTests" */ = {
			isa = XCConfigurationList;
			buildConfigurations = (
				0415A0BC2AF2C29A002CC941 /* Debug */,
				0415A0BD2AF2C29A002CC941 /* Release */,
			);
			defaultConfigurationIsVisible = 0;
			defaultConfigurationName = Release;
		};
		0415A0BE2AF2C29A002CC941 /* Build configuration list for PBXNativeTarget "MultiScalesUITests" */ = {
			isa = XCConfigurationList;
			buildConfigurations = (
				0415A0BF2AF2C29A002CC941 /* Debug */,
				0415A0C02AF2C29A002CC941 /* Release */,
			);
			defaultConfigurationIsVisible = 0;
			defaultConfigurationName = Release;
		};
/* End XCConfigurationList section */

/* Begin XCRemoteSwiftPackageReference section */
		046681332AF77C9A00E8D1E9 /* XCRemoteSwiftPackageReference "Fretboard" */ = {
			isa = XCRemoteSwiftPackageReference;
			repositoryURL = "git@github.com:briomusic/Fretboard.git";
			requirement = {
				branch = main;
				kind = branch;
			};
		};
		04DE534A2AF38D9D00B4A1DE /* XCRemoteSwiftPackageReference "MusicTheory" */ = {
			isa = XCRemoteSwiftPackageReference;
			repositoryURL = "https://github.com/cemolcay/MusicTheory.git";
			requirement = {
				kind = upToNextMajorVersion;
				minimumVersion = 1.0.0;
			};
		};
/* End XCRemoteSwiftPackageReference section */

/* Begin XCSwiftPackageProductDependency section */
		046681342AF77C9A00E8D1E9 /* Fretboard */ = {
			isa = XCSwiftPackageProductDependency;
			package = 046681332AF77C9A00E8D1E9 /* XCRemoteSwiftPackageReference "Fretboard" */;
			productName = Fretboard;
		};
		04DE534B2AF38D9D00B4A1DE /* MusicTheory */ = {
			isa = XCSwiftPackageProductDependency;
			package = 04DE534A2AF38D9D00B4A1DE /* XCRemoteSwiftPackageReference "MusicTheory" */;
			productName = MusicTheory;
		};
/* End XCSwiftPackageProductDependency section */
	};
	rootObject = 0415A08C2AF2C299002CC941 /* Project object */;
}
