{
  "pins" : [
    {
      "identity" : "fretboard",
      "kind" : "remoteSourceControl",
      "location" : "git@github.com:briomusic/Fretboard.git",
      "state" : {
        "branch" : "main",
        "revision" : "ddb25385f9e909559cfe248dafd867c8785d098e"
      }
    },
    {
      "identity" : "musictheory",
      "kind" : "remoteSourceControl",
      "location" : "https://github.com/cemolcay/MusicTheory.git",
      "state" : {
        "revision" : "0457d035d0e4e7af83992bfffc31b094ba7a788f",
        "version" : "1.4.0"
      }
    }
  ],
  "version" : 2
}
